
Microsoft Visual Studio Solution File, Format Version 12.00
# Blend for Visual Studio Version 16
VisualStudioVersion = 16.0.29905.134
MinimumVisualStudioVersion = 10.0.40219.1
Project("{FAE04EC0-301F-11D3-BF4B-00C04F79EFBC}") = "Simulator", "Simulator\Simulator.csproj", "{EC0C52E2-73A3-4706-89DE-5CE51A554C79}"
EndProject
Global
	GlobalSection(SolutionConfigurationPlatforms) = preSolution
		Debug|Any CPU = Debug|Any CPU
		Release|Any CPU = Release|Any CPU
	EndGlobalSection
	GlobalSection(ProjectConfigurationPlatforms) = postSolution
		{EC0C52E2-73A3-4706-89DE-5CE51A554C79}.Debug|Any CPU.ActiveCfg = Debug|Any CPU
		{EC0C52E2-73A3-4706-89DE-5CE51A554C79}.Debug|Any CPU.Build.0 = Debug|Any CPU
		{EC0C52E2-73A3-4706-89DE-5CE51A554C79}.Release|Any CPU.ActiveCfg = Release|Any CPU
		{EC0C52E2-73A3-4706-89DE-5CE51A554C79}.Release|Any CPU.Build.0 = Release|Any CPU
	EndGlobalSection
	GlobalSection(SolutionProperties) = preSolution
		HideSolutionNode = FALSE
	EndGlobalSection
	GlobalSection(ExtensibilityGlobals) = postSolution
		SolutionGuid = {1EDB487C-6466-4D78-B2F8-1485EEC4B161}
	EndGlobalSection
EndGlobal
